
Microsoft Visual Studio Solution File, Format Version 12.00
# Visual Studio 15
VisualStudioVersion = 15.0.27428.2043
MinimumVisualStudioVersion = 10.0.40219.1
Project("{FAE04EC0-301F-11D3-BF4B-00C04F79EFBC}") = "19HTML测试", "19HTML测试\19HTML测试.csproj", "{5AF8EA33-9011-49C8-877B-E5F0E6D98494}"
EndProject
Project("{FAE04EC0-301F-11D3-BF4B-00C04F79EFBC}") = "20保留小数", "20保留小数\20保留小数.csproj", "{F706F27E-3048-46A5-98A3-830AC953AB15}"
EndProject
Project("{FAE04EC0-301F-11D3-BF4B-00C04F79EFBC}") = "21QuickSort", "21QuickSort\21QuickSort.csproj", "{335A8317-A07D-4795-BF13-0A3540F55B4D}"
EndProject
Project("{FAE04EC0-301F-11D3-BF4B-00C04F79EFBC}") = "22BinarySearch", "22BinarySearch\22BinarySearch.csproj", "{CA30AED7-B838-4C5D-884B-2609732A86A2}"
EndProject
Project("{FAE04EC0-301F-11D3-BF4B-00C04F79EFBC}") = "23Node.js", "23Node.js\23Node.js.csproj", "{C9186974-4D5F-4104-B540-D15307DCECEF}"
EndProject
Project("{FAE04EC0-301F-11D3-BF4B-00C04F79EFBC}") = "24DataTable批量插入数据", "24DataTable批量插入数据\24DataTable批量插入数据.csproj", "{FAEFC9C1-F9D8-40AB-9C78-3CA7E4790F12}"
EndProject
Project("{FAE04EC0-301F-11D3-BF4B-00C04F79EFBC}") = "25连接Oracle数据库", "25连接Oracle数据库\25连接Oracle数据库.csproj", "{E466BD29-1060-48B7-8152-0CED247EC689}"
EndProject
Project("{FAE04EC0-301F-11D3-BF4B-00C04F79EFBC}") = "26日期控件的问题", "26日期控件的问题\26日期控件的问题.csproj", "{DBCB5A60-83DE-44CD-A5D5-CAFA85CAAC08}"
EndProject
Project("{FAE04EC0-301F-11D3-BF4B-00C04F79EFBC}") = "01js数组作为ajax的参数", "01js数组作为ajax的参数\01js数组作为ajax的参数.csproj", "{07CDBE28-77D6-4549-9C65-F782DC16DAC3}"
EndProject
Project("{FAE04EC0-301F-11D3-BF4B-00C04F79EFBC}") = "02Ajax数组参数", "02Ajax数组参数\02Ajax数组参数.csproj", "{F351DE2B-60E5-4226-ACE7-15F2C253166E}"
EndProject
Project("{FAE04EC0-301F-11D3-BF4B-00C04F79EFBC}") = "03Eval()函数的使用", "03Eval()函数的使用\03Eval()函数的使用.csproj", "{02FDE890-5A96-40B0-A9A5-D422E966EA6D}"
EndProject
Project("{FAE04EC0-301F-11D3-BF4B-00C04F79EFBC}") = "04js模拟实现定时自动退出系统", "04js模拟实现定时自动退出系统\04js模拟实现定时自动退出系统.csproj", "{6287A7C4-D7BB-4563-9A33-D6A96620C99B}"
EndProject
Project("{FAE04EC0-301F-11D3-BF4B-00C04F79EFBC}") = "05LeetCode（1、两数之和）", "05LeetCode（1、两数之和）\05LeetCode（1、两数之和）.csproj", "{14B20935-8336-46ED-BAED-10F3B71B8642}"
EndProject
Project("{FAE04EC0-301F-11D3-BF4B-00C04F79EFBC}") = "06js高级进阶", "06js高级进阶\06js高级进阶.csproj", "{77534F48-2182-48B4-9C4A-6D391F55BCCB}"
EndProject
Project("{FAE04EC0-301F-11D3-BF4B-00C04F79EFBC}") = "07测试数据库连接", "07测试数据库连接\07测试数据库连接.csproj", "{74B781F8-8673-4EED-9310-BDCA53C52931}"
EndProject
Project("{FAE04EC0-301F-11D3-BF4B-00C04F79EFBC}") = "08js读取xml文件", "08js读取xml文件\08js读取xml文件.csproj", "{3B14B1B3-F102-4E3D-944F-D18D0D07AB7B}"
EndProject
Project("{FAE04EC0-301F-11D3-BF4B-00C04F79EFBC}") = "09Ajax传输Json数据", "09Ajax传输Json数据\09Ajax传输Json数据.csproj", "{D622DAD3-7EFF-4D74-8B0D-DEA4A932E4A0}"
EndProject
Project("{FAE04EC0-301F-11D3-BF4B-00C04F79EFBC}") = "10JavaScript子窗口调用父窗口变量和函数的方法", "10JavaScript子窗口调用父窗口变量和函数的方法\10JavaScript子窗口调用父窗口变量和函数的方法.csproj", "{186AFC79-BE1F-4770-87F0-5B866458140C}"
EndProject
Project("{FAE04EC0-301F-11D3-BF4B-00C04F79EFBC}") = "11attr和prop的区别", "11attr和prop的区别\11attr和prop的区别.csproj", "{FD965814-92C7-4E56-AA01-973A75514184}"
EndProject
Project("{FAE04EC0-301F-11D3-BF4B-00C04F79EFBC}") = "12js实现计算器效果", "12js实现计算器效果\12js实现计算器效果.csproj", "{ABF8EB6A-375C-401D-82E0-0ED23FEFA667}"
EndProject
Project("{FAE04EC0-301F-11D3-BF4B-00C04F79EFBC}") = "13反射加载程序集，创建实例", "13反射加载程序集，创建实例\13反射加载程序集，创建实例.csproj", "{9619ABB9-EF31-4B40-B5B7-098AF9E40BA2}"
EndProject
Project("{FAE04EC0-301F-11D3-BF4B-00C04F79EFBC}") = "14类库", "14类库\14类库.csproj", "{13B59DC8-2B3D-452C-98DB-483D2ADD3CB1}"
EndProject
Project("{FAE04EC0-301F-11D3-BF4B-00C04F79EFBC}") = "15字符串转日期", "15字符串转日期\15字符串转日期.csproj", "{C1E788D8-0D9D-4FAE-88C8-CF131DABB3CF}"
EndProject
Project("{FAE04EC0-301F-11D3-BF4B-00C04F79EFBC}") = "16后台字典集合转成json字符串", "16后台字典集合转成json字符串\16后台字典集合转成json字符串.csproj", "{7331490E-45AB-4130-982C-BF17938C3BD6}"
EndProject
Project("{FAE04EC0-301F-11D3-BF4B-00C04F79EFBC}") = "17Dictionary和Map的使用", "17Dictionary和Map的使用\17Dictionary和Map的使用.csproj", "{C66FDB4B-DBCC-422F-A2F7-BAA7018C9AA0}"
EndProject
Project("{FAE04EC0-301F-11D3-BF4B-00C04F79EFBC}") = "18日期问题", "18日期问题\18日期问题.csproj", "{AA93CB54-7CB2-4D72-85C3-99F503BD438B}"
EndProject
Project("{FAE04EC0-301F-11D3-BF4B-00C04F79EFBC}") = "27CRM_5161.js备份", "27CRM_5161.js备份\27CRM_5161.js备份.csproj", "{4BCF3EA9-5C88-4B6A-903C-3A900FAFBDC3}"
EndProject
Project("{FAE04EC0-301F-11D3-BF4B-00C04F79EFBC}") = "28CRM日期计算方法", "28CRM日期计算方法\28CRM日期计算方法.csproj", "{8170ECEC-8C50-4886-8BFD-2BC4707952F2}"
EndProject
Project("{FAE04EC0-301F-11D3-BF4B-00C04F79EFBC}") = "29反射", "29反射\29反射.csproj", "{0ED8FA78-8FEF-4B7C-B90D-51F6108A8376}"
EndProject
Project("{FAE04EC0-301F-11D3-BF4B-00C04F79EFBC}") = "30字段联系判断", "30字段联系判断\30字段联系判断.csproj", "{958D373C-5FEE-4581-9A37-26A9F8F1E34A}"
EndProject
Project("{FAE04EC0-301F-11D3-BF4B-00C04F79EFBC}") = "31冒泡排序", "31冒泡排序\31冒泡排序.csproj", "{44D0B843-3B82-4D6F-A0F8-9A5EC43C6956}"
EndProject
Project("{FAE04EC0-301F-11D3-BF4B-00C04F79EFBC}") = "32二分查找", "32二分查找\32二分查找.csproj", "{3F920BD0-4E6E-441A-9C46-18E7B410B4DB}"
EndProject
Project("{FAE04EC0-301F-11D3-BF4B-00C04F79EFBC}") = "33批量插入数据", "33批量插入数据\33批量插入数据.csproj", "{5C987CE8-1037-4705-9749-F729781E3200}"
EndProject
Project("{FAE04EC0-301F-11D3-BF4B-00C04F79EFBC}") = "34double数据类型", "34double数据类型\34double数据类型.csproj", "{563C27D1-F2AC-48D3-8BC7-8A61FD6A8AA3}"
EndProject
Project("{FAE04EC0-301F-11D3-BF4B-00C04F79EFBC}") = "35导出Excel", "35导出Excel\35导出Excel.csproj", "{34EEC62B-711B-4429-972B-EE3976E4F318}"
EndProject
Project("{FAE04EC0-301F-11D3-BF4B-00C04F79EFBC}") = "36导出数据到浏览器", "36导出数据到浏览器\36导出数据到浏览器.csproj", "{832EB52A-AA86-4907-9FAC-1BDFF9102123}"
EndProject
Project("{FAE04EC0-301F-11D3-BF4B-00C04F79EFBC}") = "37SessionDemo", "37SessionDemo\37SessionDemo.csproj", "{2B8CF214-E0D0-4209-B0C3-8E78DF27BC3D}"
EndProject
Project("{FAE04EC0-301F-11D3-BF4B-00C04F79EFBC}") = "38监听某元素的属性变化", "38监听某元素的属性变化\38监听某元素的属性变化.csproj", "{17A8CB48-949C-4F2A-AB49-B1DE66C4A952}"
EndProject
Global
	GlobalSection(SolutionConfigurationPlatforms) = preSolution
		Debug|Any CPU = Debug|Any CPU
		Debug|x86 = Debug|x86
		Release|Any CPU = Release|Any CPU
		Release|x86 = Release|x86
	EndGlobalSection
	GlobalSection(ProjectConfigurationPlatforms) = postSolution
		{5AF8EA33-9011-49C8-877B-E5F0E6D98494}.Debug|Any CPU.ActiveCfg = Debug|Any CPU
		{5AF8EA33-9011-49C8-877B-E5F0E6D98494}.Debug|Any CPU.Build.0 = Debug|Any CPU
		{5AF8EA33-9011-49C8-877B-E5F0E6D98494}.Debug|x86.ActiveCfg = Debug|Any CPU
		{5AF8EA33-9011-49C8-877B-E5F0E6D98494}.Debug|x86.Build.0 = Debug|Any CPU
		{5AF8EA33-9011-49C8-877B-E5F0E6D98494}.Release|Any CPU.ActiveCfg = Release|Any CPU
		{5AF8EA33-9011-49C8-877B-E5F0E6D98494}.Release|Any CPU.Build.0 = Release|Any CPU
		{5AF8EA33-9011-49C8-877B-E5F0E6D98494}.Release|x86.ActiveCfg = Release|Any CPU
		{5AF8EA33-9011-49C8-877B-E5F0E6D98494}.Release|x86.Build.0 = Release|Any CPU
		{F706F27E-3048-46A5-98A3-830AC953AB15}.Debug|Any CPU.ActiveCfg = Debug|Any CPU
		{F706F27E-3048-46A5-98A3-830AC953AB15}.Debug|Any CPU.Build.0 = Debug|Any CPU
		{F706F27E-3048-46A5-98A3-830AC953AB15}.Debug|x86.ActiveCfg = Debug|Any CPU
		{F706F27E-3048-46A5-98A3-830AC953AB15}.Debug|x86.Build.0 = Debug|Any CPU
		{F706F27E-3048-46A5-98A3-830AC953AB15}.Release|Any CPU.ActiveCfg = Release|Any CPU
		{F706F27E-3048-46A5-98A3-830AC953AB15}.Release|Any CPU.Build.0 = Release|Any CPU
		{F706F27E-3048-46A5-98A3-830AC953AB15}.Release|x86.ActiveCfg = Release|Any CPU
		{F706F27E-3048-46A5-98A3-830AC953AB15}.Release|x86.Build.0 = Release|Any CPU
		{335A8317-A07D-4795-BF13-0A3540F55B4D}.Debug|Any CPU.ActiveCfg = Debug|Any CPU
		{335A8317-A07D-4795-BF13-0A3540F55B4D}.Debug|Any CPU.Build.0 = Debug|Any CPU
		{335A8317-A07D-4795-BF13-0A3540F55B4D}.Debug|x86.ActiveCfg = Debug|Any CPU
		{335A8317-A07D-4795-BF13-0A3540F55B4D}.Debug|x86.Build.0 = Debug|Any CPU
		{335A8317-A07D-4795-BF13-0A3540F55B4D}.Release|Any CPU.ActiveCfg = Release|Any CPU
		{335A8317-A07D-4795-BF13-0A3540F55B4D}.Release|Any CPU.Build.0 = Release|Any CPU
		{335A8317-A07D-4795-BF13-0A3540F55B4D}.Release|x86.ActiveCfg = Release|Any CPU
		{335A8317-A07D-4795-BF13-0A3540F55B4D}.Release|x86.Build.0 = Release|Any CPU
		{CA30AED7-B838-4C5D-884B-2609732A86A2}.Debug|Any CPU.ActiveCfg = Debug|Any CPU
		{CA30AED7-B838-4C5D-884B-2609732A86A2}.Debug|Any CPU.Build.0 = Debug|Any CPU
		{CA30AED7-B838-4C5D-884B-2609732A86A2}.Debug|x86.ActiveCfg = Debug|Any CPU
		{CA30AED7-B838-4C5D-884B-2609732A86A2}.Debug|x86.Build.0 = Debug|Any CPU
		{CA30AED7-B838-4C5D-884B-2609732A86A2}.Release|Any CPU.ActiveCfg = Release|Any CPU
		{CA30AED7-B838-4C5D-884B-2609732A86A2}.Release|Any CPU.Build.0 = Release|Any CPU
		{CA30AED7-B838-4C5D-884B-2609732A86A2}.Release|x86.ActiveCfg = Release|Any CPU
		{CA30AED7-B838-4C5D-884B-2609732A86A2}.Release|x86.Build.0 = Release|Any CPU
		{C9186974-4D5F-4104-B540-D15307DCECEF}.Debug|Any CPU.ActiveCfg = Debug|Any CPU
		{C9186974-4D5F-4104-B540-D15307DCECEF}.Debug|Any CPU.Build.0 = Debug|Any CPU
		{C9186974-4D5F-4104-B540-D15307DCECEF}.Debug|x86.ActiveCfg = Debug|Any CPU
		{C9186974-4D5F-4104-B540-D15307DCECEF}.Debug|x86.Build.0 = Debug|Any CPU
		{C9186974-4D5F-4104-B540-D15307DCECEF}.Release|Any CPU.ActiveCfg = Release|Any CPU
		{C9186974-4D5F-4104-B540-D15307DCECEF}.Release|Any CPU.Build.0 = Release|Any CPU
		{C9186974-4D5F-4104-B540-D15307DCECEF}.Release|x86.ActiveCfg = Release|Any CPU
		{C9186974-4D5F-4104-B540-D15307DCECEF}.Release|x86.Build.0 = Release|Any CPU
		{FAEFC9C1-F9D8-40AB-9C78-3CA7E4790F12}.Debug|Any CPU.ActiveCfg = Debug|Any CPU
		{FAEFC9C1-F9D8-40AB-9C78-3CA7E4790F12}.Debug|Any CPU.Build.0 = Debug|Any CPU
		{FAEFC9C1-F9D8-40AB-9C78-3CA7E4790F12}.Debug|x86.ActiveCfg = Debug|Any CPU
		{FAEFC9C1-F9D8-40AB-9C78-3CA7E4790F12}.Debug|x86.Build.0 = Debug|Any CPU
		{FAEFC9C1-F9D8-40AB-9C78-3CA7E4790F12}.Release|Any CPU.ActiveCfg = Release|Any CPU
		{FAEFC9C1-F9D8-40AB-9C78-3CA7E4790F12}.Release|Any CPU.Build.0 = Release|Any CPU
		{FAEFC9C1-F9D8-40AB-9C78-3CA7E4790F12}.Release|x86.ActiveCfg = Release|Any CPU
		{FAEFC9C1-F9D8-40AB-9C78-3CA7E4790F12}.Release|x86.Build.0 = Release|Any CPU
		{E466BD29-1060-48B7-8152-0CED247EC689}.Debug|Any CPU.ActiveCfg = Debug|Any CPU
		{E466BD29-1060-48B7-8152-0CED247EC689}.Debug|Any CPU.Build.0 = Debug|Any CPU
		{E466BD29-1060-48B7-8152-0CED247EC689}.Debug|x86.ActiveCfg = Debug|Any CPU
		{E466BD29-1060-48B7-8152-0CED247EC689}.Debug|x86.Build.0 = Debug|Any CPU
		{E466BD29-1060-48B7-8152-0CED247EC689}.Release|Any CPU.ActiveCfg = Release|Any CPU
		{E466BD29-1060-48B7-8152-0CED247EC689}.Release|Any CPU.Build.0 = Release|Any CPU
		{E466BD29-1060-48B7-8152-0CED247EC689}.Release|x86.ActiveCfg = Release|Any CPU
		{E466BD29-1060-48B7-8152-0CED247EC689}.Release|x86.Build.0 = Release|Any CPU
		{DBCB5A60-83DE-44CD-A5D5-CAFA85CAAC08}.Debug|Any CPU.ActiveCfg = Debug|Any CPU
		{DBCB5A60-83DE-44CD-A5D5-CAFA85CAAC08}.Debug|Any CPU.Build.0 = Debug|Any CPU
		{DBCB5A60-83DE-44CD-A5D5-CAFA85CAAC08}.Debug|x86.ActiveCfg = Debug|Any CPU
		{DBCB5A60-83DE-44CD-A5D5-CAFA85CAAC08}.Debug|x86.Build.0 = Debug|Any CPU
		{DBCB5A60-83DE-44CD-A5D5-CAFA85CAAC08}.Release|Any CPU.ActiveCfg = Release|Any CPU
		{DBCB5A60-83DE-44CD-A5D5-CAFA85CAAC08}.Release|Any CPU.Build.0 = Release|Any CPU
		{DBCB5A60-83DE-44CD-A5D5-CAFA85CAAC08}.Release|x86.ActiveCfg = Release|Any CPU
		{DBCB5A60-83DE-44CD-A5D5-CAFA85CAAC08}.Release|x86.Build.0 = Release|Any CPU
		{07CDBE28-77D6-4549-9C65-F782DC16DAC3}.Debug|Any CPU.ActiveCfg = Debug|Any CPU
		{07CDBE28-77D6-4549-9C65-F782DC16DAC3}.Debug|Any CPU.Build.0 = Debug|Any CPU
		{07CDBE28-77D6-4549-9C65-F782DC16DAC3}.Debug|x86.ActiveCfg = Debug|Any CPU
		{07CDBE28-77D6-4549-9C65-F782DC16DAC3}.Debug|x86.Build.0 = Debug|Any CPU
		{07CDBE28-77D6-4549-9C65-F782DC16DAC3}.Release|Any CPU.ActiveCfg = Release|Any CPU
		{07CDBE28-77D6-4549-9C65-F782DC16DAC3}.Release|Any CPU.Build.0 = Release|Any CPU
		{07CDBE28-77D6-4549-9C65-F782DC16DAC3}.Release|x86.ActiveCfg = Release|Any CPU
		{07CDBE28-77D6-4549-9C65-F782DC16DAC3}.Release|x86.Build.0 = Release|Any CPU
		{F351DE2B-60E5-4226-ACE7-15F2C253166E}.Debug|Any CPU.ActiveCfg = Debug|Any CPU
		{F351DE2B-60E5-4226-ACE7-15F2C253166E}.Debug|Any CPU.Build.0 = Debug|Any CPU
		{F351DE2B-60E5-4226-ACE7-15F2C253166E}.Debug|x86.ActiveCfg = Debug|Any CPU
		{F351DE2B-60E5-4226-ACE7-15F2C253166E}.Debug|x86.Build.0 = Debug|Any CPU
		{F351DE2B-60E5-4226-ACE7-15F2C253166E}.Release|Any CPU.ActiveCfg = Release|Any CPU
		{F351DE2B-60E5-4226-ACE7-15F2C253166E}.Release|Any CPU.Build.0 = Release|Any CPU
		{F351DE2B-60E5-4226-ACE7-15F2C253166E}.Release|x86.ActiveCfg = Release|Any CPU
		{F351DE2B-60E5-4226-ACE7-15F2C253166E}.Release|x86.Build.0 = Release|Any CPU
		{02FDE890-5A96-40B0-A9A5-D422E966EA6D}.Debug|Any CPU.ActiveCfg = Debug|Any CPU
		{02FDE890-5A96-40B0-A9A5-D422E966EA6D}.Debug|Any CPU.Build.0 = Debug|Any CPU
		{02FDE890-5A96-40B0-A9A5-D422E966EA6D}.Debug|x86.ActiveCfg = Debug|Any CPU
		{02FDE890-5A96-40B0-A9A5-D422E966EA6D}.Debug|x86.Build.0 = Debug|Any CPU
		{02FDE890-5A96-40B0-A9A5-D422E966EA6D}.Release|Any CPU.ActiveCfg = Release|Any CPU
		{02FDE890-5A96-40B0-A9A5-D422E966EA6D}.Release|Any CPU.Build.0 = Release|Any CPU
		{02FDE890-5A96-40B0-A9A5-D422E966EA6D}.Release|x86.ActiveCfg = Release|Any CPU
		{02FDE890-5A96-40B0-A9A5-D422E966EA6D}.Release|x86.Build.0 = Release|Any CPU
		{6287A7C4-D7BB-4563-9A33-D6A96620C99B}.Debug|Any CPU.ActiveCfg = Debug|Any CPU
		{6287A7C4-D7BB-4563-9A33-D6A96620C99B}.Debug|Any CPU.Build.0 = Debug|Any CPU
		{6287A7C4-D7BB-4563-9A33-D6A96620C99B}.Debug|x86.ActiveCfg = Debug|Any CPU
		{6287A7C4-D7BB-4563-9A33-D6A96620C99B}.Debug|x86.Build.0 = Debug|Any CPU
		{6287A7C4-D7BB-4563-9A33-D6A96620C99B}.Release|Any CPU.ActiveCfg = Release|Any CPU
		{6287A7C4-D7BB-4563-9A33-D6A96620C99B}.Release|Any CPU.Build.0 = Release|Any CPU
		{6287A7C4-D7BB-4563-9A33-D6A96620C99B}.Release|x86.ActiveCfg = Release|Any CPU
		{6287A7C4-D7BB-4563-9A33-D6A96620C99B}.Release|x86.Build.0 = Release|Any CPU
		{14B20935-8336-46ED-BAED-10F3B71B8642}.Debug|Any CPU.ActiveCfg = Debug|Any CPU
		{14B20935-8336-46ED-BAED-10F3B71B8642}.Debug|Any CPU.Build.0 = Debug|Any CPU
		{14B20935-8336-46ED-BAED-10F3B71B8642}.Debug|x86.ActiveCfg = Debug|Any CPU
		{14B20935-8336-46ED-BAED-10F3B71B8642}.Debug|x86.Build.0 = Debug|Any CPU
		{14B20935-8336-46ED-BAED-10F3B71B8642}.Release|Any CPU.ActiveCfg = Release|Any CPU
		{14B20935-8336-46ED-BAED-10F3B71B8642}.Release|Any CPU.Build.0 = Release|Any CPU
		{14B20935-8336-46ED-BAED-10F3B71B8642}.Release|x86.ActiveCfg = Release|Any CPU
		{14B20935-8336-46ED-BAED-10F3B71B8642}.Release|x86.Build.0 = Release|Any CPU
		{77534F48-2182-48B4-9C4A-6D391F55BCCB}.Debug|Any CPU.ActiveCfg = Debug|Any CPU
		{77534F48-2182-48B4-9C4A-6D391F55BCCB}.Debug|Any CPU.Build.0 = Debug|Any CPU
		{77534F48-2182-48B4-9C4A-6D391F55BCCB}.Debug|x86.ActiveCfg = Debug|Any CPU
		{77534F48-2182-48B4-9C4A-6D391F55BCCB}.Debug|x86.Build.0 = Debug|Any CPU
		{77534F48-2182-48B4-9C4A-6D391F55BCCB}.Release|Any CPU.ActiveCfg = Release|Any CPU
		{77534F48-2182-48B4-9C4A-6D391F55BCCB}.Release|Any CPU.Build.0 = Release|Any CPU
		{77534F48-2182-48B4-9C4A-6D391F55BCCB}.Release|x86.ActiveCfg = Release|Any CPU
		{77534F48-2182-48B4-9C4A-6D391F55BCCB}.Release|x86.Build.0 = Release|Any CPU
		{74B781F8-8673-4EED-9310-BDCA53C52931}.Debug|Any CPU.ActiveCfg = Debug|Any CPU
		{74B781F8-8673-4EED-9310-BDCA53C52931}.Debug|Any CPU.Build.0 = Debug|Any CPU
		{74B781F8-8673-4EED-9310-BDCA53C52931}.Debug|x86.ActiveCfg = Debug|Any CPU
		{74B781F8-8673-4EED-9310-BDCA53C52931}.Debug|x86.Build.0 = Debug|Any CPU
		{74B781F8-8673-4EED-9310-BDCA53C52931}.Release|Any CPU.ActiveCfg = Release|Any CPU
		{74B781F8-8673-4EED-9310-BDCA53C52931}.Release|Any CPU.Build.0 = Release|Any CPU
		{74B781F8-8673-4EED-9310-BDCA53C52931}.Release|x86.ActiveCfg = Release|Any CPU
		{74B781F8-8673-4EED-9310-BDCA53C52931}.Release|x86.Build.0 = Release|Any CPU
		{3B14B1B3-F102-4E3D-944F-D18D0D07AB7B}.Debug|Any CPU.ActiveCfg = Debug|Any CPU
		{3B14B1B3-F102-4E3D-944F-D18D0D07AB7B}.Debug|Any CPU.Build.0 = Debug|Any CPU
		{3B14B1B3-F102-4E3D-944F-D18D0D07AB7B}.Debug|x86.ActiveCfg = Debug|Any CPU
		{3B14B1B3-F102-4E3D-944F-D18D0D07AB7B}.Debug|x86.Build.0 = Debug|Any CPU
		{3B14B1B3-F102-4E3D-944F-D18D0D07AB7B}.Release|Any CPU.ActiveCfg = Release|Any CPU
		{3B14B1B3-F102-4E3D-944F-D18D0D07AB7B}.Release|Any CPU.Build.0 = Release|Any CPU
		{3B14B1B3-F102-4E3D-944F-D18D0D07AB7B}.Release|x86.ActiveCfg = Release|Any CPU
		{3B14B1B3-F102-4E3D-944F-D18D0D07AB7B}.Release|x86.Build.0 = Release|Any CPU
		{D622DAD3-7EFF-4D74-8B0D-DEA4A932E4A0}.Debug|Any CPU.ActiveCfg = Debug|Any CPU
		{D622DAD3-7EFF-4D74-8B0D-DEA4A932E4A0}.Debug|Any CPU.Build.0 = Debug|Any CPU
		{D622DAD3-7EFF-4D74-8B0D-DEA4A932E4A0}.Debug|x86.ActiveCfg = Debug|Any CPU
		{D622DAD3-7EFF-4D74-8B0D-DEA4A932E4A0}.Debug|x86.Build.0 = Debug|Any CPU
		{D622DAD3-7EFF-4D74-8B0D-DEA4A932E4A0}.Release|Any CPU.ActiveCfg = Release|Any CPU
		{D622DAD3-7EFF-4D74-8B0D-DEA4A932E4A0}.Release|Any CPU.Build.0 = Release|Any CPU
		{D622DAD3-7EFF-4D74-8B0D-DEA4A932E4A0}.Release|x86.ActiveCfg = Release|Any CPU
		{D622DAD3-7EFF-4D74-8B0D-DEA4A932E4A0}.Release|x86.Build.0 = Release|Any CPU
		{186AFC79-BE1F-4770-87F0-5B866458140C}.Debug|Any CPU.ActiveCfg = Debug|Any CPU
		{186AFC79-BE1F-4770-87F0-5B866458140C}.Debug|Any CPU.Build.0 = Debug|Any CPU
		{186AFC79-BE1F-4770-87F0-5B866458140C}.Debug|x86.ActiveCfg = Debug|Any CPU
		{186AFC79-BE1F-4770-87F0-5B866458140C}.Debug|x86.Build.0 = Debug|Any CPU
		{186AFC79-BE1F-4770-87F0-5B866458140C}.Release|Any CPU.ActiveCfg = Release|Any CPU
		{186AFC79-BE1F-4770-87F0-5B866458140C}.Release|Any CPU.Build.0 = Release|Any CPU
		{186AFC79-BE1F-4770-87F0-5B866458140C}.Release|x86.ActiveCfg = Release|Any CPU
		{186AFC79-BE1F-4770-87F0-5B866458140C}.Release|x86.Build.0 = Release|Any CPU
		{FD965814-92C7-4E56-AA01-973A75514184}.Debug|Any CPU.ActiveCfg = Debug|Any CPU
		{FD965814-92C7-4E56-AA01-973A75514184}.Debug|Any CPU.Build.0 = Debug|Any CPU
		{FD965814-92C7-4E56-AA01-973A75514184}.Debug|x86.ActiveCfg = Debug|Any CPU
		{FD965814-92C7-4E56-AA01-973A75514184}.Debug|x86.Build.0 = Debug|Any CPU
		{FD965814-92C7-4E56-AA01-973A75514184}.Release|Any CPU.ActiveCfg = Release|Any CPU
		{FD965814-92C7-4E56-AA01-973A75514184}.Release|Any CPU.Build.0 = Release|Any CPU
		{FD965814-92C7-4E56-AA01-973A75514184}.Release|x86.ActiveCfg = Release|Any CPU
		{FD965814-92C7-4E56-AA01-973A75514184}.Release|x86.Build.0 = Release|Any CPU
		{ABF8EB6A-375C-401D-82E0-0ED23FEFA667}.Debug|Any CPU.ActiveCfg = Debug|Any CPU
		{ABF8EB6A-375C-401D-82E0-0ED23FEFA667}.Debug|Any CPU.Build.0 = Debug|Any CPU
		{ABF8EB6A-375C-401D-82E0-0ED23FEFA667}.Debug|x86.ActiveCfg = Debug|Any CPU
		{ABF8EB6A-375C-401D-82E0-0ED23FEFA667}.Debug|x86.Build.0 = Debug|Any CPU
		{ABF8EB6A-375C-401D-82E0-0ED23FEFA667}.Release|Any CPU.ActiveCfg = Release|Any CPU
		{ABF8EB6A-375C-401D-82E0-0ED23FEFA667}.Release|Any CPU.Build.0 = Release|Any CPU
		{ABF8EB6A-375C-401D-82E0-0ED23FEFA667}.Release|x86.ActiveCfg = Release|Any CPU
		{ABF8EB6A-375C-401D-82E0-0ED23FEFA667}.Release|x86.Build.0 = Release|Any CPU
		{9619ABB9-EF31-4B40-B5B7-098AF9E40BA2}.Debug|Any CPU.ActiveCfg = Debug|Any CPU
		{9619ABB9-EF31-4B40-B5B7-098AF9E40BA2}.Debug|Any CPU.Build.0 = Debug|Any CPU
		{9619ABB9-EF31-4B40-B5B7-098AF9E40BA2}.Debug|x86.ActiveCfg = Debug|Any CPU
		{9619ABB9-EF31-4B40-B5B7-098AF9E40BA2}.Debug|x86.Build.0 = Debug|Any CPU
		{9619ABB9-EF31-4B40-B5B7-098AF9E40BA2}.Release|Any CPU.ActiveCfg = Release|Any CPU
		{9619ABB9-EF31-4B40-B5B7-098AF9E40BA2}.Release|Any CPU.Build.0 = Release|Any CPU
		{9619ABB9-EF31-4B40-B5B7-098AF9E40BA2}.Release|x86.ActiveCfg = Release|Any CPU
		{9619ABB9-EF31-4B40-B5B7-098AF9E40BA2}.Release|x86.Build.0 = Release|Any CPU
		{13B59DC8-2B3D-452C-98DB-483D2ADD3CB1}.Debug|Any CPU.ActiveCfg = Debug|Any CPU
		{13B59DC8-2B3D-452C-98DB-483D2ADD3CB1}.Debug|Any CPU.Build.0 = Debug|Any CPU
		{13B59DC8-2B3D-452C-98DB-483D2ADD3CB1}.Debug|x86.ActiveCfg = Debug|Any CPU
		{13B59DC8-2B3D-452C-98DB-483D2ADD3CB1}.Debug|x86.Build.0 = Debug|Any CPU
		{13B59DC8-2B3D-452C-98DB-483D2ADD3CB1}.Release|Any CPU.ActiveCfg = Release|Any CPU
		{13B59DC8-2B3D-452C-98DB-483D2ADD3CB1}.Release|Any CPU.Build.0 = Release|Any CPU
		{13B59DC8-2B3D-452C-98DB-483D2ADD3CB1}.Release|x86.ActiveCfg = Release|Any CPU
		{13B59DC8-2B3D-452C-98DB-483D2ADD3CB1}.Release|x86.Build.0 = Release|Any CPU
		{C1E788D8-0D9D-4FAE-88C8-CF131DABB3CF}.Debug|Any CPU.ActiveCfg = Debug|Any CPU
		{C1E788D8-0D9D-4FAE-88C8-CF131DABB3CF}.Debug|Any CPU.Build.0 = Debug|Any CPU
		{C1E788D8-0D9D-4FAE-88C8-CF131DABB3CF}.Debug|x86.ActiveCfg = Debug|Any CPU
		{C1E788D8-0D9D-4FAE-88C8-CF131DABB3CF}.Debug|x86.Build.0 = Debug|Any CPU
		{C1E788D8-0D9D-4FAE-88C8-CF131DABB3CF}.Release|Any CPU.ActiveCfg = Release|Any CPU
		{C1E788D8-0D9D-4FAE-88C8-CF131DABB3CF}.Release|Any CPU.Build.0 = Release|Any CPU
		{C1E788D8-0D9D-4FAE-88C8-CF131DABB3CF}.Release|x86.ActiveCfg = Release|Any CPU
		{C1E788D8-0D9D-4FAE-88C8-CF131DABB3CF}.Release|x86.Build.0 = Release|Any CPU
		{7331490E-45AB-4130-982C-BF17938C3BD6}.Debug|Any CPU.ActiveCfg = Debug|Any CPU
		{7331490E-45AB-4130-982C-BF17938C3BD6}.Debug|Any CPU.Build.0 = Debug|Any CPU
		{7331490E-45AB-4130-982C-BF17938C3BD6}.Debug|x86.ActiveCfg = Debug|Any CPU
		{7331490E-45AB-4130-982C-BF17938C3BD6}.Debug|x86.Build.0 = Debug|Any CPU
		{7331490E-45AB-4130-982C-BF17938C3BD6}.Release|Any CPU.ActiveCfg = Release|Any CPU
		{7331490E-45AB-4130-982C-BF17938C3BD6}.Release|Any CPU.Build.0 = Release|Any CPU
		{7331490E-45AB-4130-982C-BF17938C3BD6}.Release|x86.ActiveCfg = Release|Any CPU
		{7331490E-45AB-4130-982C-BF17938C3BD6}.Release|x86.Build.0 = Release|Any CPU
		{C66FDB4B-DBCC-422F-A2F7-BAA7018C9AA0}.Debug|Any CPU.ActiveCfg = Debug|Any CPU
		{C66FDB4B-DBCC-422F-A2F7-BAA7018C9AA0}.Debug|Any CPU.Build.0 = Debug|Any CPU
		{C66FDB4B-DBCC-422F-A2F7-BAA7018C9AA0}.Debug|x86.ActiveCfg = Debug|Any CPU
		{C66FDB4B-DBCC-422F-A2F7-BAA7018C9AA0}.Debug|x86.Build.0 = Debug|Any CPU
		{C66FDB4B-DBCC-422F-A2F7-BAA7018C9AA0}.Release|Any CPU.ActiveCfg = Release|Any CPU
		{C66FDB4B-DBCC-422F-A2F7-BAA7018C9AA0}.Release|Any CPU.Build.0 = Release|Any CPU
		{C66FDB4B-DBCC-422F-A2F7-BAA7018C9AA0}.Release|x86.ActiveCfg = Release|Any CPU
		{C66FDB4B-DBCC-422F-A2F7-BAA7018C9AA0}.Release|x86.Build.0 = Release|Any CPU
		{AA93CB54-7CB2-4D72-85C3-99F503BD438B}.Debug|Any CPU.ActiveCfg = Debug|Any CPU
		{AA93CB54-7CB2-4D72-85C3-99F503BD438B}.Debug|Any CPU.Build.0 = Debug|Any CPU
		{AA93CB54-7CB2-4D72-85C3-99F503BD438B}.Debug|x86.ActiveCfg = Debug|Any CPU
		{AA93CB54-7CB2-4D72-85C3-99F503BD438B}.Debug|x86.Build.0 = Debug|Any CPU
		{AA93CB54-7CB2-4D72-85C3-99F503BD438B}.Release|Any CPU.ActiveCfg = Release|Any CPU
		{AA93CB54-7CB2-4D72-85C3-99F503BD438B}.Release|Any CPU.Build.0 = Release|Any CPU
		{AA93CB54-7CB2-4D72-85C3-99F503BD438B}.Release|x86.ActiveCfg = Release|Any CPU
		{AA93CB54-7CB2-4D72-85C3-99F503BD438B}.Release|x86.Build.0 = Release|Any CPU
		{4BCF3EA9-5C88-4B6A-903C-3A900FAFBDC3}.Debug|Any CPU.ActiveCfg = Debug|Any CPU
		{4BCF3EA9-5C88-4B6A-903C-3A900FAFBDC3}.Debug|Any CPU.Build.0 = Debug|Any CPU
		{4BCF3EA9-5C88-4B6A-903C-3A900FAFBDC3}.Debug|x86.ActiveCfg = Debug|Any CPU
		{4BCF3EA9-5C88-4B6A-903C-3A900FAFBDC3}.Debug|x86.Build.0 = Debug|Any CPU
		{4BCF3EA9-5C88-4B6A-903C-3A900FAFBDC3}.Release|Any CPU.ActiveCfg = Release|Any CPU
		{4BCF3EA9-5C88-4B6A-903C-3A900FAFBDC3}.Release|Any CPU.Build.0 = Release|Any CPU
		{4BCF3EA9-5C88-4B6A-903C-3A900FAFBDC3}.Release|x86.ActiveCfg = Release|Any CPU
		{4BCF3EA9-5C88-4B6A-903C-3A900FAFBDC3}.Release|x86.Build.0 = Release|Any CPU
		{8170ECEC-8C50-4886-8BFD-2BC4707952F2}.Debug|Any CPU.ActiveCfg = Debug|Any CPU
		{8170ECEC-8C50-4886-8BFD-2BC4707952F2}.Debug|Any CPU.Build.0 = Debug|Any CPU
		{8170ECEC-8C50-4886-8BFD-2BC4707952F2}.Debug|x86.ActiveCfg = Debug|Any CPU
		{8170ECEC-8C50-4886-8BFD-2BC4707952F2}.Debug|x86.Build.0 = Debug|Any CPU
		{8170ECEC-8C50-4886-8BFD-2BC4707952F2}.Release|Any CPU.ActiveCfg = Release|Any CPU
		{8170ECEC-8C50-4886-8BFD-2BC4707952F2}.Release|Any CPU.Build.0 = Release|Any CPU
		{8170ECEC-8C50-4886-8BFD-2BC4707952F2}.Release|x86.ActiveCfg = Release|Any CPU
		{8170ECEC-8C50-4886-8BFD-2BC4707952F2}.Release|x86.Build.0 = Release|Any CPU
		{0ED8FA78-8FEF-4B7C-B90D-51F6108A8376}.Debug|Any CPU.ActiveCfg = Debug|Any CPU
		{0ED8FA78-8FEF-4B7C-B90D-51F6108A8376}.Debug|Any CPU.Build.0 = Debug|Any CPU
		{0ED8FA78-8FEF-4B7C-B90D-51F6108A8376}.Debug|x86.ActiveCfg = Debug|Any CPU
		{0ED8FA78-8FEF-4B7C-B90D-51F6108A8376}.Debug|x86.Build.0 = Debug|Any CPU
		{0ED8FA78-8FEF-4B7C-B90D-51F6108A8376}.Release|Any CPU.ActiveCfg = Release|Any CPU
		{0ED8FA78-8FEF-4B7C-B90D-51F6108A8376}.Release|Any CPU.Build.0 = Release|Any CPU
		{0ED8FA78-8FEF-4B7C-B90D-51F6108A8376}.Release|x86.ActiveCfg = Release|Any CPU
		{0ED8FA78-8FEF-4B7C-B90D-51F6108A8376}.Release|x86.Build.0 = Release|Any CPU
		{958D373C-5FEE-4581-9A37-26A9F8F1E34A}.Debug|Any CPU.ActiveCfg = Debug|Any CPU
		{958D373C-5FEE-4581-9A37-26A9F8F1E34A}.Debug|Any CPU.Build.0 = Debug|Any CPU
		{958D373C-5FEE-4581-9A37-26A9F8F1E34A}.Debug|x86.ActiveCfg = Debug|Any CPU
		{958D373C-5FEE-4581-9A37-26A9F8F1E34A}.Debug|x86.Build.0 = Debug|Any CPU
		{958D373C-5FEE-4581-9A37-26A9F8F1E34A}.Release|Any CPU.ActiveCfg = Release|Any CPU
		{958D373C-5FEE-4581-9A37-26A9F8F1E34A}.Release|Any CPU.Build.0 = Release|Any CPU
		{958D373C-5FEE-4581-9A37-26A9F8F1E34A}.Release|x86.ActiveCfg = Release|Any CPU
		{958D373C-5FEE-4581-9A37-26A9F8F1E34A}.Release|x86.Build.0 = Release|Any CPU
		{44D0B843-3B82-4D6F-A0F8-9A5EC43C6956}.Debug|Any CPU.ActiveCfg = Debug|Any CPU
		{44D0B843-3B82-4D6F-A0F8-9A5EC43C6956}.Debug|Any CPU.Build.0 = Debug|Any CPU
		{44D0B843-3B82-4D6F-A0F8-9A5EC43C6956}.Debug|x86.ActiveCfg = Debug|Any CPU
		{44D0B843-3B82-4D6F-A0F8-9A5EC43C6956}.Debug|x86.Build.0 = Debug|Any CPU
		{44D0B843-3B82-4D6F-A0F8-9A5EC43C6956}.Release|Any CPU.ActiveCfg = Release|Any CPU
		{44D0B843-3B82-4D6F-A0F8-9A5EC43C6956}.Release|Any CPU.Build.0 = Release|Any CPU
		{44D0B843-3B82-4D6F-A0F8-9A5EC43C6956}.Release|x86.ActiveCfg = Release|Any CPU
		{44D0B843-3B82-4D6F-A0F8-9A5EC43C6956}.Release|x86.Build.0 = Release|Any CPU
		{3F920BD0-4E6E-441A-9C46-18E7B410B4DB}.Debug|Any CPU.ActiveCfg = Debug|Any CPU
		{3F920BD0-4E6E-441A-9C46-18E7B410B4DB}.Debug|Any CPU.Build.0 = Debug|Any CPU
		{3F920BD0-4E6E-441A-9C46-18E7B410B4DB}.Debug|x86.ActiveCfg = Debug|Any CPU
		{3F920BD0-4E6E-441A-9C46-18E7B410B4DB}.Debug|x86.Build.0 = Debug|Any CPU
		{3F920BD0-4E6E-441A-9C46-18E7B410B4DB}.Release|Any CPU.ActiveCfg = Release|Any CPU
		{3F920BD0-4E6E-441A-9C46-18E7B410B4DB}.Release|Any CPU.Build.0 = Release|Any CPU
		{3F920BD0-4E6E-441A-9C46-18E7B410B4DB}.Release|x86.ActiveCfg = Release|Any CPU
		{3F920BD0-4E6E-441A-9C46-18E7B410B4DB}.Release|x86.Build.0 = Release|Any CPU
		{5C987CE8-1037-4705-9749-F729781E3200}.Debug|Any CPU.ActiveCfg = Debug|Any CPU
		{5C987CE8-1037-4705-9749-F729781E3200}.Debug|Any CPU.Build.0 = Debug|Any CPU
		{5C987CE8-1037-4705-9749-F729781E3200}.Debug|x86.ActiveCfg = Debug|Any CPU
		{5C987CE8-1037-4705-9749-F729781E3200}.Debug|x86.Build.0 = Debug|Any CPU
		{5C987CE8-1037-4705-9749-F729781E3200}.Release|Any CPU.ActiveCfg = Release|Any CPU
		{5C987CE8-1037-4705-9749-F729781E3200}.Release|Any CPU.Build.0 = Release|Any CPU
		{5C987CE8-1037-4705-9749-F729781E3200}.Release|x86.ActiveCfg = Release|Any CPU
		{5C987CE8-1037-4705-9749-F729781E3200}.Release|x86.Build.0 = Release|Any CPU
		{563C27D1-F2AC-48D3-8BC7-8A61FD6A8AA3}.Debug|Any CPU.ActiveCfg = Debug|Any CPU
		{563C27D1-F2AC-48D3-8BC7-8A61FD6A8AA3}.Debug|Any CPU.Build.0 = Debug|Any CPU
		{563C27D1-F2AC-48D3-8BC7-8A61FD6A8AA3}.Debug|x86.ActiveCfg = Debug|Any CPU
		{563C27D1-F2AC-48D3-8BC7-8A61FD6A8AA3}.Debug|x86.Build.0 = Debug|Any CPU
		{563C27D1-F2AC-48D3-8BC7-8A61FD6A8AA3}.Release|Any CPU.ActiveCfg = Release|Any CPU
		{563C27D1-F2AC-48D3-8BC7-8A61FD6A8AA3}.Release|Any CPU.Build.0 = Release|Any CPU
		{563C27D1-F2AC-48D3-8BC7-8A61FD6A8AA3}.Release|x86.ActiveCfg = Release|Any CPU
		{563C27D1-F2AC-48D3-8BC7-8A61FD6A8AA3}.Release|x86.Build.0 = Release|Any CPU
		{34EEC62B-711B-4429-972B-EE3976E4F318}.Debug|Any CPU.ActiveCfg = Debug|Any CPU
		{34EEC62B-711B-4429-972B-EE3976E4F318}.Debug|Any CPU.Build.0 = Debug|Any CPU
		{34EEC62B-711B-4429-972B-EE3976E4F318}.Debug|x86.ActiveCfg = Debug|Any CPU
		{34EEC62B-711B-4429-972B-EE3976E4F318}.Debug|x86.Build.0 = Debug|Any CPU
		{34EEC62B-711B-4429-972B-EE3976E4F318}.Release|Any CPU.ActiveCfg = Release|Any CPU
		{34EEC62B-711B-4429-972B-EE3976E4F318}.Release|Any CPU.Build.0 = Release|Any CPU
		{34EEC62B-711B-4429-972B-EE3976E4F318}.Release|x86.ActiveCfg = Release|Any CPU
		{34EEC62B-711B-4429-972B-EE3976E4F318}.Release|x86.Build.0 = Release|Any CPU
		{832EB52A-AA86-4907-9FAC-1BDFF9102123}.Debug|Any CPU.ActiveCfg = Debug|Any CPU
		{832EB52A-AA86-4907-9FAC-1BDFF9102123}.Debug|Any CPU.Build.0 = Debug|Any CPU
		{832EB52A-AA86-4907-9FAC-1BDFF9102123}.Debug|x86.ActiveCfg = Debug|Any CPU
		{832EB52A-AA86-4907-9FAC-1BDFF9102123}.Debug|x86.Build.0 = Debug|Any CPU
		{832EB52A-AA86-4907-9FAC-1BDFF9102123}.Release|Any CPU.ActiveCfg = Release|Any CPU
		{832EB52A-AA86-4907-9FAC-1BDFF9102123}.Release|Any CPU.Build.0 = Release|Any CPU
		{832EB52A-AA86-4907-9FAC-1BDFF9102123}.Release|x86.ActiveCfg = Release|Any CPU
		{832EB52A-AA86-4907-9FAC-1BDFF9102123}.Release|x86.Build.0 = Release|Any CPU
		{2B8CF214-E0D0-4209-B0C3-8E78DF27BC3D}.Debug|Any CPU.ActiveCfg = Debug|Any CPU
		{2B8CF214-E0D0-4209-B0C3-8E78DF27BC3D}.Debug|Any CPU.Build.0 = Debug|Any CPU
		{2B8CF214-E0D0-4209-B0C3-8E78DF27BC3D}.Debug|x86.ActiveCfg = Debug|Any CPU
		{2B8CF214-E0D0-4209-B0C3-8E78DF27BC3D}.Debug|x86.Build.0 = Debug|Any CPU
		{2B8CF214-E0D0-4209-B0C3-8E78DF27BC3D}.Release|Any CPU.ActiveCfg = Release|Any CPU
		{2B8CF214-E0D0-4209-B0C3-8E78DF27BC3D}.Release|Any CPU.Build.0 = Release|Any CPU
		{2B8CF214-E0D0-4209-B0C3-8E78DF27BC3D}.Release|x86.ActiveCfg = Release|Any CPU
		{2B8CF214-E0D0-4209-B0C3-8E78DF27BC3D}.Release|x86.Build.0 = Release|Any CPU
		{17A8CB48-949C-4F2A-AB49-B1DE66C4A952}.Debug|Any CPU.ActiveCfg = Debug|Any CPU
		{17A8CB48-949C-4F2A-AB49-B1DE66C4A952}.Debug|Any CPU.Build.0 = Debug|Any CPU
		{17A8CB48-949C-4F2A-AB49-B1DE66C4A952}.Debug|x86.ActiveCfg = Debug|Any CPU
		{17A8CB48-949C-4F2A-AB49-B1DE66C4A952}.Debug|x86.Build.0 = Debug|Any CPU
		{17A8CB48-949C-4F2A-AB49-B1DE66C4A952}.Release|Any CPU.ActiveCfg = Release|Any CPU
		{17A8CB48-949C-4F2A-AB49-B1DE66C4A952}.Release|Any CPU.Build.0 = Release|Any CPU
		{17A8CB48-949C-4F2A-AB49-B1DE66C4A952}.Release|x86.ActiveCfg = Release|Any CPU
		{17A8CB48-949C-4F2A-AB49-B1DE66C4A952}.Release|x86.Build.0 = Release|Any CPU
	EndGlobalSection
	GlobalSection(SolutionProperties) = preSolution
		HideSolutionNode = FALSE
	EndGlobalSection
	GlobalSection(ExtensibilityGlobals) = postSolution
		SolutionGuid = {37521694-044F-48AF-9FB1-CC46203B6D7D}
	EndGlobalSection
EndGlobal
